
Microsoft Visual Studio Solution File, Format Version 12.00
# Visual Studio Version 18
VisualStudioVersion = 18.6.11822.322
MinimumVisualStudioVersion = 10.0.40219.1
Project("{E53339B2-1760-4266-BCC7-CA923CBCF16C}") = "docker-compose", "docker-compose.dcproj", "{81DDED9D-158B-E303-5F62-77A2896D2A5A}"
EndProject
Project("{FAE04EC0-301F-11D3-BF4B-00C04F79EFBC}") = "API", "API\API.csproj", "{CBFA08EA-AECE-205F-7B85-326FD0B81BAD}"
EndProject
Project("{FAE04EC0-301F-11D3-BF4B-00C04F79EFBC}") = "Models", "Models\Models.csproj", "{C81F3440-F1A6-4A63-AA24-667E903ED0C6}"
EndProject
Project("{FAE04EC0-301F-11D3-BF4B-00C04F79EFBC}") = "DTO", "DTO\DTO.csproj", "{BE8C6294-6394-4530-93A0-17A71E80B5E2}"
EndProject
Project("{2150E333-8FDC-42A3-9474-1A3956D46DE8}") = "Lib", "Lib", "{6F9AADB4-E8BC-4EA0-96F3-3BB7E28CEBA9}"
EndProject
Project("{FAE04EC0-301F-11D3-BF4B-00C04F79EFBC}") = "Pattern", "ResultPattern\Pattern.csproj", "{EAE06BCD-79FE-40E2-A407-4EBE00D00FC4}"
EndProject
Global
	GlobalSection(SolutionConfigurationPlatforms) = preSolution
		Debug|Any CPU = Debug|Any CPU
		Release|Any CPU = Release|Any CPU
	EndGlobalSection
	GlobalSection(ProjectConfigurationPlatforms) = postSolution
		{81DDED9D-158B-E303-5F62-77A2896D2A5A}.Debug|Any CPU.ActiveCfg = Debug|Any CPU
		{81DDED9D-158B-E303-5F62-77A2896D2A5A}.Debug|Any CPU.Build.0 = Debug|Any CPU
		{81DDED9D-158B-E303-5F62-77A2896D2A5A}.Release|Any CPU.ActiveCfg = Release|Any CPU
		{81DDED9D-158B-E303-5F62-77A2896D2A5A}.Release|Any CPU.Build.0 = Release|Any CPU
		{CBFA08EA-AECE-205F-7B85-326FD0B81BAD}.Debug|Any CPU.ActiveCfg = Debug|Any CPU
		{CBFA08EA-AECE-205F-7B85-326FD0B81BAD}.Debug|Any CPU.Build.0 = Debug|Any CPU
		{CBFA08EA-AECE-205F-7B85-326FD0B81BAD}.Release|Any CPU.ActiveCfg = Release|Any CPU
		{CBFA08EA-AECE-205F-7B85-326FD0B81BAD}.Release|Any CPU.Build.0 = Release|Any CPU
		{C81F3440-F1A6-4A63-AA24-667E903ED0C6}.Debug|Any CPU.ActiveCfg = Debug|Any CPU
		{C81F3440-F1A6-4A63-AA24-667E903ED0C6}.Debug|Any CPU.Build.0 = Debug|Any CPU
		{C81F3440-F1A6-4A63-AA24-667E903ED0C6}.Release|Any CPU.ActiveCfg = Release|Any CPU
		{C81F3440-F1A6-4A63-AA24-667E903ED0C6}.Release|Any CPU.Build.0 = Release|Any CPU
		{BE8C6294-6394-4530-93A0-17A71E80B5E2}.Debug|Any CPU.ActiveCfg = Debug|Any CPU
		{BE8C6294-6394-4530-93A0-17A71E80B5E2}.Debug|Any CPU.Build.0 = Debug|Any CPU
		{BE8C6294-6394-4530-93A0-17A71E80B5E2}.Release|Any CPU.ActiveCfg = Release|Any CPU
		{BE8C6294-6394-4530-93A0-17A71E80B5E2}.Release|Any CPU.Build.0 = Release|Any CPU
		{EAE06BCD-79FE-40E2-A407-4EBE00D00FC4}.Debug|Any CPU.ActiveCfg = Debug|Any CPU
		{EAE06BCD-79FE-40E2-A407-4EBE00D00FC4}.Debug|Any CPU.Build.0 = Debug|Any CPU
		{EAE06BCD-79FE-40E2-A407-4EBE00D00FC4}.Release|Any CPU.ActiveCfg = Release|Any CPU
		{EAE06BCD-79FE-40E2-A407-4EBE00D00FC4}.Release|Any CPU.Build.0 = Release|Any CPU
	EndGlobalSection
	GlobalSection(SolutionProperties) = preSolution
		HideSolutionNode = FALSE
	EndGlobalSection
	GlobalSection(NestedProjects) = preSolution
		{C81F3440-F1A6-4A63-AA24-667E903ED0C6} = {6F9AADB4-E8BC-4EA0-96F3-3BB7E28CEBA9}
		{BE8C6294-6394-4530-93A0-17A71E80B5E2} = {6F9AADB4-E8BC-4EA0-96F3-3BB7E28CEBA9}
		{EAE06BCD-79FE-40E2-A407-4EBE00D00FC4} = {6F9AADB4-E8BC-4EA0-96F3-3BB7E28CEBA9}
	EndGlobalSection
	GlobalSection(ExtensibilityGlobals) = postSolution
		SolutionGuid = {7A1E850D-48B3-41C9-8582-4FF3484B8164}
	EndGlobalSection
EndGlobal
